
Microsoft Visual Studio Solution File, Format Version 12.00
# Visual Studio 15
Project("{FAE04EC0-301F-11D3-BF4B-00C04F79EFBC}") = "Contante.Android", "Contante.Android\Contante.Android.csproj", "{1CF9570A-0F94-4C91-9615-BF300F319186}"
EndProject
Project("{FAE04EC0-301F-11D3-BF4B-00C04F79EFBC}") = "Contante.iOS", "Contante.iOS\Contante.iOS.csproj", "{B96BEC17-C19E-4C3D-AC44-CA26B9B8C2CB}"
EndProject
Project("{FAE04EC0-301F-11D3-BF4B-00C04F79EFBC}") = "Contante", "Contante\Contante.csproj", "{6F049C2C-28AC-446F-9DCE-B1EE30693D4C}"
EndProject
Global
	GlobalSection(SolutionConfigurationPlatforms) = preSolution
		Debug|Any CPU = Debug|Any CPU
		Release|Any CPU = Release|Any CPU
		Debug|iPhoneSimulator = Debug|iPhoneSimulator
		Release|iPhoneSimulator = Release|iPhoneSimulator
		Debug|iPhone = Debug|iPhone
		Release|iPhone = Release|iPhone
		Ad-Hoc|iPhone = Ad-Hoc|iPhone
		AppStore|iPhone = AppStore|iPhone
	EndGlobalSection
	GlobalSection(ProjectConfigurationPlatforms) = postSolution
		{1CF9570A-0F94-4C91-9615-BF300F319186}.Debug|Any CPU.ActiveCfg = Debug|Any CPU
		{1CF9570A-0F94-4C91-9615-BF300F319186}.Debug|Any CPU.Build.0 = Debug|Any CPU
		{1CF9570A-0F94-4C91-9615-BF300F319186}.Release|Any CPU.ActiveCfg = Release|Any CPU
		{1CF9570A-0F94-4C91-9615-BF300F319186}.Release|Any CPU.Build.0 = Release|Any CPU
		{1CF9570A-0F94-4C91-9615-BF300F319186}.Debug|iPhoneSimulator.ActiveCfg = Debug|Any CPU
		{1CF9570A-0F94-4C91-9615-BF300F319186}.Debug|iPhoneSimulator.Build.0 = Debug|Any CPU
		{1CF9570A-0F94-4C91-9615-BF300F319186}.Release|iPhoneSimulator.ActiveCfg = Release|Any CPU
		{1CF9570A-0F94-4C91-9615-BF300F319186}.Release|iPhoneSimulator.Build.0 = Release|Any CPU
		{1CF9570A-0F94-4C91-9615-BF300F319186}.Debug|iPhone.ActiveCfg = Debug|Any CPU
		{1CF9570A-0F94-4C91-9615-BF300F319186}.Debug|iPhone.Build.0 = Debug|Any CPU
		{1CF9570A-0F94-4C91-9615-BF300F319186}.Release|iPhone.ActiveCfg = Release|Any CPU
		{1CF9570A-0F94-4C91-9615-BF300F319186}.Release|iPhone.Build.0 = Release|Any CPU
		{1CF9570A-0F94-4C91-9615-BF300F319186}.Ad-Hoc|iPhone.ActiveCfg = Debug|Any CPU
		{1CF9570A-0F94-4C91-9615-BF300F319186}.Ad-Hoc|iPhone.Build.0 = Debug|Any CPU
		{1CF9570A-0F94-4C91-9615-BF300F319186}.AppStore|iPhone.ActiveCfg = Debug|Any CPU
		{1CF9570A-0F94-4C91-9615-BF300F319186}.AppStore|iPhone.Build.0 = Debug|Any CPU
		{B96BEC17-C19E-4C3D-AC44-CA26B9B8C2CB}.Debug|Any CPU.ActiveCfg = Debug|iPhoneSimulator
		{B96BEC17-C19E-4C3D-AC44-CA26B9B8C2CB}.Debug|Any CPU.Build.0 = Debug|iPhoneSimulator
		{B96BEC17-C19E-4C3D-AC44-CA26B9B8C2CB}.Release|Any CPU.ActiveCfg = Release|iPhoneSimulator
		{B96BEC17-C19E-4C3D-AC44-CA26B9B8C2CB}.Release|Any CPU.Build.0 = Release|iPhoneSimulator
		{B96BEC17-C19E-4C3D-AC44-CA26B9B8C2CB}.Debug|iPhoneSimulator.ActiveCfg = Debug|iPhoneSimulator
		{B96BEC17-C19E-4C3D-AC44-CA26B9B8C2CB}.Debug|iPhoneSimulator.Build.0 = Debug|iPhoneSimulator
		{B96BEC17-C19E-4C3D-AC44-CA26B9B8C2CB}.Release|iPhoneSimulator.ActiveCfg = Release|iPhoneSimulator
		{B96BEC17-C19E-4C3D-AC44-CA26B9B8C2CB}.Release|iPhoneSimulator.Build.0 = Release|iPhoneSimulator
		{B96BEC17-C19E-4C3D-AC44-CA26B9B8C2CB}.Debug|iPhone.ActiveCfg = Debug|iPhone
		{B96BEC17-C19E-4C3D-AC44-CA26B9B8C2CB}.Debug|iPhone.Build.0 = Debug|iPhone
		{B96BEC17-C19E-4C3D-AC44-CA26B9B8C2CB}.Release|iPhone.ActiveCfg = Release|iPhone
		{B96BEC17-C19E-4C3D-AC44-CA26B9B8C2CB}.Release|iPhone.Build.0 = Release|iPhone
		{B96BEC17-C19E-4C3D-AC44-CA26B9B8C2CB}.Ad-Hoc|iPhone.ActiveCfg = Ad-Hoc|iPhone
		{B96BEC17-C19E-4C3D-AC44-CA26B9B8C2CB}.Ad-Hoc|iPhone.Build.0 = Ad-Hoc|iPhone
		{B96BEC17-C19E-4C3D-AC44-CA26B9B8C2CB}.AppStore|iPhone.ActiveCfg = AppStore|iPhone
		{B96BEC17-C19E-4C3D-AC44-CA26B9B8C2CB}.AppStore|iPhone.Build.0 = AppStore|iPhone
		{6F049C2C-28AC-446F-9DCE-B1EE30693D4C}.Debug|Any CPU.ActiveCfg = Debug|Any CPU
		{6F049C2C-28AC-446F-9DCE-B1EE30693D4C}.Debug|Any CPU.Build.0 = Debug|Any CPU
		{6F049C2C-28AC-446F-9DCE-B1EE30693D4C}.Release|Any CPU.ActiveCfg = Release|Any CPU
		{6F049C2C-28AC-446F-9DCE-B1EE30693D4C}.Release|Any CPU.Build.0 = Release|Any CPU
		{6F049C2C-28AC-446F-9DCE-B1EE30693D4C}.Debug|iPhoneSimulator.ActiveCfg = Debug|Any CPU
		{6F049C2C-28AC-446F-9DCE-B1EE30693D4C}.Debug|iPhoneSimulator.Build.0 = Debug|Any CPU
		{6F049C2C-28AC-446F-9DCE-B1EE30693D4C}.Release|iPhoneSimulator.ActiveCfg = Release|Any CPU
		{6F049C2C-28AC-446F-9DCE-B1EE30693D4C}.Release|iPhoneSimulator.Build.0 = Release|Any CPU
		{6F049C2C-28AC-446F-9DCE-B1EE30693D4C}.Debug|iPhone.ActiveCfg = Debug|Any CPU
		{6F049C2C-28AC-446F-9DCE-B1EE30693D4C}.Debug|iPhone.Build.0 = Debug|Any CPU
		{6F049C2C-28AC-446F-9DCE-B1EE30693D4C}.Release|iPhone.ActiveCfg = Release|Any CPU
		{6F049C2C-28AC-446F-9DCE-B1EE30693D4C}.Release|iPhone.Build.0 = Release|Any CPU
		{6F049C2C-28AC-446F-9DCE-B1EE30693D4C}.Ad-Hoc|iPhone.ActiveCfg = Debug|Any CPU
		{6F049C2C-28AC-446F-9DCE-B1EE30693D4C}.Ad-Hoc|iPhone.Build.0 = Debug|Any CPU
		{6F049C2C-28AC-446F-9DCE-B1EE30693D4C}.AppStore|iPhone.ActiveCfg = Debug|Any CPU
		{6F049C2C-28AC-446F-9DCE-B1EE30693D4C}.AppStore|iPhone.Build.0 = Debug|Any CPU
	EndGlobalSection
EndGlobal
